Microsoft Visual Studio Solution File, Format Version 12.00
# Visual Studio Version 17
VisualStudioVersion = 17.5.2.0
MinimumVisualStudioVersion = 10.0.40219.1
Project("{FAE04EC0-301F-11D3-BF4B-00C04F79EFBC}") = "ExampleTest2", "ExampleTest2.csproj", "{129E54F3-334E-1DC2-911E-C771AF697496}"
EndProject
Global
	GlobalSection(SolutionConfigurationPlatforms) = preSolution
		Debug|Any CPU = Debug|Any CPU
		Release|Any CPU = Release|Any CPU
	EndGlobalSection
	GlobalSection(ProjectConfigurationPlatforms) = postSolution
		{129E54F3-334E-1DC2-911E-C771AF697496}.Debug|Any CPU.ActiveCfg = Debug|Any CPU
		{129E54F3-334E-1DC2-911E-C771AF697496}.Debug|Any CPU.Build.0 = Debug|Any CPU
		{129E54F3-334E-1DC2-911E-C771AF697496}.Release|Any CPU.ActiveCfg = Release|Any CPU
		{129E54F3-334E-1DC2-911E-C771AF697496}.Release|Any CPU.Build.0 = Release|Any CPU
	EndGlobalSection
	GlobalSection(SolutionProperties) = preSolution
		HideSolutionNode = FALSE
	EndGlobalSection
	GlobalSection(ExtensibilityGlobals) = postSolution
		SolutionGuid = {E3A21BDD-5462-4B72-AC08-73EA3D67E648}
	EndGlobalSection
EndGlobal
